
Microsoft Visual Studio Solution File, Format Version 12.00
# Visual Studio Version 17
VisualStudioVersion = 17.10.34916.146
MinimumVisualStudioVersion = 10.0.40219.1
Project("{FAE04EC0-301F-11D3-BF4B-00C04F79EFBC}") = "LAB4_NHOM8", "LAB4_NHOM8\LAB4_NHOM8.csproj", "{1D441435-C057-4BCC-B733-DC3C84FDC568}"
EndProject
Global
	GlobalSection(SolutionConfigurationPlatforms) = preSolution
		Debug|Any CPU = Debug|Any CPU
		Release|Any CPU = Release|Any CPU
	EndGlobalSection
	GlobalSection(ProjectConfigurationPlatforms) = postSolution
		{1D441435-C057-4BCC-B733-DC3C84FDC568}.Debug|Any CPU.ActiveCfg = Debug|Any CPU
		{1D441435-C057-4BCC-B733-DC3C84FDC568}.Debug|Any CPU.Build.0 = Debug|Any CPU
		{1D441435-C057-4BCC-B733-DC3C84FDC568}.Release|Any CPU.ActiveCfg = Release|Any CPU
		{1D441435-C057-4BCC-B733-DC3C84FDC568}.Release|Any CPU.Build.0 = Release|Any CPU
	EndGlobalSection
	GlobalSection(SolutionProperties) = preSolution
		HideSolutionNode = FALSE
	EndGlobalSection
	GlobalSection(ExtensibilityGlobals) = postSolution
		SolutionGuid = {5229454E-3487-46F2-8331-7DA36902EF96}
	EndGlobalSection
EndGlobal
