
Microsoft Visual Studio Solution File, Format Version 12.00
# Visual Studio Version 17
VisualStudioVersion = 17.5.002.0
MinimumVisualStudioVersion = 10.0.40219.1
Project("{9A19103F-16F7-4668-BE54-9A1E7A4F7556}") = "Lab04_Nhom", "Lab04_Nhom.csproj", "{32CC956A-103B-4B6D-B988-AD75178FCB31}"
EndProject
Global
	GlobalSection(SolutionConfigurationPlatforms) = preSolution
		Debug|Any CPU = Debug|Any CPU
		Release|Any CPU = Release|Any CPU
	EndGlobalSection
	GlobalSection(ProjectConfigurationPlatforms) = postSolution
		{32CC956A-103B-4B6D-B988-AD75178FCB31}.Debug|Any CPU.ActiveCfg = Debug|Any CPU
		{32CC956A-103B-4B6D-B988-AD75178FCB31}.Debug|Any CPU.Build.0 = Debug|Any CPU
		{32CC956A-103B-4B6D-B988-AD75178FCB31}.Release|Any CPU.ActiveCfg = Release|Any CPU
		{32CC956A-103B-4B6D-B988-AD75178FCB31}.Release|Any CPU.Build.0 = Release|Any CPU
	EndGlobalSection
	GlobalSection(SolutionProperties) = preSolution
		HideSolutionNode = FALSE
	EndGlobalSection
	GlobalSection(ExtensibilityGlobals) = postSolution
		SolutionGuid = {57996AEF-633D-41CE-9737-194C28CD312C}
	EndGlobalSection
EndGlobal
